github.com/9seconds/mtg/v2 v2.1.7 h1:Wqnn8vNS7yT0P2CO7iRN4lN+QL4+xe9MQEwfDDqmW8Q=
github.com/9seconds/mtg/v2 v2.1.7/go.mod h1:DLIPJxRgaQWGY7V/Y80VYqIMisEV6oMR9qRPggXUjF8=
github.com/OneOfOne/xxhash v1.2.8 h1:31czK/TI9sNkxIKfaUfGlU47BAxQ0ztGgd9vPyqimf8=
github.com/OneOfOne/xxhash v1.2.8/go.mod h1:eZbhyaAYD41SGSSsnmcpxVoRiQ/MPUTjUdIIOT9Um7Q=
github.com/panjf2000/ants/v2 v2.5.0 h1:1rWGWSnxCsQBga+nQbA4/iY6VMeNoOIAM0ZWh9u3q2Q=
github.com/panjf2000/ants/v2 v2.5.0/go.mod h1:cU93usDlihJZ5CfRGNDYsiBYvoilLvBF5Qp/BT2GNRE=
github.com/tylertreat/BoomFilters v0.0.0-20210315201527-1a82519a3e43 h1:QEePdg0ty2r0t1+qwfZmQ4OOl/MB2UXIeJSpIZv56lg=
github.com/tylertreat/BoomFilters v0.0.0-20210315201527-1a82519a3e43/go.mod h1:OYRfF6eb5wY9VRFkXJH8FFBi3plw2v+giaIu7P054pM=
golang.org/x/crypto v0.0.0-20220722155217-630584e8d5aa h1:zuSxTR4o9y82ebqCUJYNGJbGPo6sKVl54f/TVDObg1c=
golang.org/x/crypto v0.0.0-20220722155217-630584e8d5aa/go.mod h1:IxCIyHEi3zRg3s0A5j5BB6A9Jmi73HwBIUl50j+osU4=
